
Microsoft Visual Studio Solution File, Format Version 12.00
# Visual Studio Version 16
VisualStudioVersion = 16.0.28315.86
MinimumVisualStudioVersion = 10.0.40219.1
Project("{2150E333-8FDC-42A3-9474-1A3956D46DE8}") = "Engine", "Engine", "{CEDFC4B9-D217-41A9-ADF4-00F555D6C8B2}"
EndProject
Project("{2150E333-8FDC-42A3-9474-1A3956D46DE8}") = "Games", "Games", "{CBC01748-7C0D-41CB-960C-9A164688ED37}"
EndProject
Project("{8BC9CEB8-8B4A-11D0-8D11-00A0C91BC942}") = "UE4", "Intermediate\ProjectFiles\UE4.vcxproj", "{49A1D35E-93A3-495A-954E-CBDF7872CF14}"
EndProject
Project("{8BC9CEB8-8B4A-11D0-8D11-00A0C91BC942}") = "DriverOne", "Intermediate\ProjectFiles\DriverOne.vcxproj", "{3274D897-99B2-475F-9624-0F5D06977A95}"
EndProject
Project("{2150E333-8FDC-42A3-9474-1A3956D46DE8}") = "Visualizers", "Visualizers", "{76008833-0865-40AF-BAEE-82041C7ACF9F}"
	ProjectSection(SolutionItems) = preProject
		..\..\..\..\Epic\UE_4.23\Engine\Extras\VisualStudioDebugging\UE4.natvis = ..\..\..\..\Epic\UE_4.23\Engine\Extras\VisualStudioDebugging\UE4.natvis
	EndProjectSection
EndProject
Global
	GlobalSection(SolutionConfigurationPlatforms) = preSolution
		DebugGame Editor|HTML5 = DebugGame Editor|HTML5
		DebugGame Editor|IOS = DebugGame Editor|IOS
		DebugGame Editor|Win32 = DebugGame Editor|Win32
		DebugGame Editor|Win64 = DebugGame Editor|Win64
		DebugGame|HTML5 = DebugGame|HTML5
		DebugGame|IOS = DebugGame|IOS
		DebugGame|Win32 = DebugGame|Win32
		DebugGame|Win64 = DebugGame|Win64
		Development Editor|HTML5 = Development Editor|HTML5
		Development Editor|IOS = Development Editor|IOS
		Development Editor|Win32 = Development Editor|Win32
		Development Editor|Win64 = Development Editor|Win64
		Development|HTML5 = Development|HTML5
		Development|IOS = Development|IOS
		Development|Win32 = Development|Win32
		Development|Win64 = Development|Win64
		Shipping|HTML5 = Shipping|HTML5
		Shipping|IOS = Shipping|IOS
		Shipping|Win32 = Shipping|Win32
		Shipping|Win64 = Shipping|Win64
	EndGlobalSection
	GlobalSection(ProjectConfigurationPlatforms) = postSolution
		{49A1D35E-93A3-495A-954E-CBDF7872CF14}.DebugGame Editor|HTML5.ActiveCfg = BuiltWithUnrealBuildTool|Win32
		{49A1D35E-93A3-495A-954E-CBDF7872CF14}.DebugGame Editor|IOS.ActiveCfg = BuiltWithUnrealBuildTool|Win32
		{49A1D35E-93A3-495A-954E-CBDF7872CF14}.DebugGame Editor|Win32.ActiveCfg = BuiltWithUnrealBuildTool|Win32
		{49A1D35E-93A3-495A-954E-CBDF7872CF14}.DebugGame Editor|Win64.ActiveCfg = BuiltWithUnrealBuildTool|Win32
		{49A1D35E-93A3-495A-954E-CBDF7872CF14}.DebugGame|HTML5.ActiveCfg = BuiltWithUnrealBuildTool|Win32
		{49A1D35E-93A3-495A-954E-CBDF7872CF14}.DebugGame|IOS.ActiveCfg = BuiltWithUnrealBuildTool|Win32
		{49A1D35E-93A3-495A-954E-CBDF7872CF14}.DebugGame|Win32.ActiveCfg = BuiltWithUnrealBuildTool|Win32
		{49A1D35E-93A3-495A-954E-CBDF7872CF14}.DebugGame|Win64.ActiveCfg = BuiltWithUnrealBuildTool|Win32
		{49A1D35E-93A3-495A-954E-CBDF7872CF14}.Development Editor|HTML5.ActiveCfg = BuiltWithUnrealBuildTool|Win32
		{49A1D35E-93A3-495A-954E-CBDF7872CF14}.Development Editor|IOS.ActiveCfg = BuiltWithUnrealBuildTool|Win32
		{49A1D35E-93A3-495A-954E-CBDF7872CF14}.Development Editor|Win32.ActiveCfg = BuiltWithUnrealBuildTool|Win32
		{49A1D35E-93A3-495A-954E-CBDF7872CF14}.Development Editor|Win64.ActiveCfg = BuiltWithUnrealBuildTool|Win32
		{49A1D35E-93A3-495A-954E-CBDF7872CF14}.Development|HTML5.ActiveCfg = BuiltWithUnrealBuildTool|Win32
		{49A1D35E-93A3-495A-954E-CBDF7872CF14}.Development|IOS.ActiveCfg = BuiltWithUnrealBuildTool|Win32
		{49A1D35E-93A3-495A-954E-CBDF7872CF14}.Development|Win32.ActiveCfg = BuiltWithUnrealBuildTool|Win32
		{49A1D35E-93A3-495A-954E-CBDF7872CF14}.Development|Win64.ActiveCfg = BuiltWithUnrealBuildTool|Win32
		{49A1D35E-93A3-495A-954E-CBDF7872CF14}.Shipping|HTML5.ActiveCfg = BuiltWithUnrealBuildTool|Win32
		{49A1D35E-93A3-495A-954E-CBDF7872CF14}.Shipping|IOS.ActiveCfg = BuiltWithUnrealBuildTool|Win32
		{49A1D35E-93A3-495A-954E-CBDF7872CF14}.Shipping|Win32.ActiveCfg = BuiltWithUnrealBuildTool|Win32
		{49A1D35E-93A3-495A-954E-CBDF7872CF14}.Shipping|Win64.ActiveCfg = BuiltWithUnrealBuildTool|Win32
		{3274D897-99B2-475F-9624-0F5D06977A95}.DebugGame Editor|HTML5.ActiveCfg = Invalid|Win32
		{3274D897-99B2-475F-9624-0F5D06977A95}.DebugGame Editor|IOS.ActiveCfg = Invalid|Win32
		{3274D897-99B2-475F-9624-0F5D06977A95}.DebugGame Editor|Win32.ActiveCfg = Invalid|Win32
		{3274D897-99B2-475F-9624-0F5D06977A95}.DebugGame Editor|Win64.ActiveCfg = DebugGame_Editor|x64
		{3274D897-99B2-475F-9624-0F5D06977A95}.DebugGame Editor|Win64.Build.0 = DebugGame_Editor|x64
		{3274D897-99B2-475F-9624-0F5D06977A95}.DebugGame|HTML5.ActiveCfg = HTML5_DebugGame|Win32
		{3274D897-99B2-475F-9624-0F5D06977A95}.DebugGame|HTML5.Build.0 = HTML5_DebugGame|Win32
		{3274D897-99B2-475F-9624-0F5D06977A95}.DebugGame|IOS.ActiveCfg = IOS_DebugGame|Win32
		{3274D897-99B2-475F-9624-0F5D06977A95}.DebugGame|IOS.Build.0 = IOS_DebugGame|Win32
		{3274D897-99B2-475F-9624-0F5D06977A95}.DebugGame|Win32.ActiveCfg = DebugGame|Win32
		{3274D897-99B2-475F-9624-0F5D06977A95}.DebugGame|Win32.Build.0 = DebugGame|Win32
		{3274D897-99B2-475F-9624-0F5D06977A95}.DebugGame|Win64.ActiveCfg = DebugGame|x64
		{3274D897-99B2-475F-9624-0F5D06977A95}.DebugGame|Win64.Build.0 = DebugGame|x64
		{3274D897-99B2-475F-9624-0F5D06977A95}.Development Editor|HTML5.ActiveCfg = Invalid|Win32
		{3274D897-99B2-475F-9624-0F5D06977A95}.Development Editor|IOS.ActiveCfg = Invalid|Win32
		{3274D897-99B2-475F-9624-0F5D06977A95}.Development Editor|Win32.ActiveCfg = Invalid|Win32
		{3274D897-99B2-475F-9624-0F5D06977A95}.Development Editor|Win64.ActiveCfg = Development_Editor|x64
		{3274D897-99B2-475F-9624-0F5D06977A95}.Development Editor|Win64.Build.0 = Development_Editor|x64
		{3274D897-99B2-475F-9624-0F5D06977A95}.Development|HTML5.ActiveCfg = HTML5_Development|Win32
		{3274D897-99B2-475F-9624-0F5D06977A95}.Development|HTML5.Build.0 = HTML5_Development|Win32
		{3274D897-99B2-475F-9624-0F5D06977A95}.Development|IOS.ActiveCfg = IOS_Development|Win32
		{3274D897-99B2-475F-9624-0F5D06977A95}.Development|IOS.Build.0 = IOS_Development|Win32
		{3274D897-99B2-475F-9624-0F5D06977A95}.Development|Win32.ActiveCfg = Development|Win32
		{3274D897-99B2-475F-9624-0F5D06977A95}.Development|Win32.Build.0 = Development|Win32
		{3274D897-99B2-475F-9624-0F5D06977A95}.Development|Win64.ActiveCfg = Development|x64
		{3274D897-99B2-475F-9624-0F5D06977A95}.Development|Win64.Build.0 = Development|x64
		{3274D897-99B2-475F-9624-0F5D06977A95}.Shipping|HTML5.ActiveCfg = HTML5_Shipping|Win32
		{3274D897-99B2-475F-9624-0F5D06977A95}.Shipping|HTML5.Build.0 = HTML5_Shipping|Win32
		{3274D897-99B2-475F-9624-0F5D06977A95}.Shipping|IOS.ActiveCfg = IOS_Shipping|Win32
		{3274D897-99B2-475F-9624-0F5D06977A95}.Shipping|IOS.Build.0 = IOS_Shipping|Win32
		{3274D897-99B2-475F-9624-0F5D06977A95}.Shipping|Win32.ActiveCfg = Shipping|Win32
		{3274D897-99B2-475F-9624-0F5D06977A95}.Shipping|Win32.Build.0 = Shipping|Win32
		{3274D897-99B2-475F-9624-0F5D06977A95}.Shipping|Win64.ActiveCfg = Shipping|x64
		{3274D897-99B2-475F-9624-0F5D06977A95}.Shipping|Win64.Build.0 = Shipping|x64
	EndGlobalSection
	GlobalSection(SolutionProperties) = preSolution
		HideSolutionNode = FALSE
	EndGlobalSection
	GlobalSection(NestedProjects) = preSolution
		{49A1D35E-93A3-495A-954E-CBDF7872CF14} = {CEDFC4B9-D217-41A9-ADF4-00F555D6C8B2}
		{3274D897-99B2-475F-9624-0F5D06977A95} = {CBC01748-7C0D-41CB-960C-9A164688ED37}
	EndGlobalSection
EndGlobal
