
Microsoft Visual Studio Solution File, Format Version 12.00
# Visual Studio Version 16
VisualStudioVersion = 16.0.29409.12
MinimumVisualStudioVersion = 10.0.40219.1
Project("{FAE04EC0-301F-11D3-BF4B-00C04F79EFBC}") = "OpenTKStuff", "..\OpenTKStuff\OpenTKStuff.csproj", "{3A8189C3-D78A-45BD-85C0-6187885307DD}"
EndProject
Global
	GlobalSection(SolutionConfigurationPlatforms) = preSolution
		Debug|Any CPU = Debug|Any CPU
		Release|Any CPU = Release|Any CPU
	EndGlobalSection
	GlobalSection(ProjectConfigurationPlatforms) = postSolution
		{3A8189C3-D78A-45BD-85C0-6187885307DD}.Debug|Any CPU.ActiveCfg = Debug|Any CPU
		{3A8189C3-D78A-45BD-85C0-6187885307DD}.Debug|Any CPU.Build.0 = Debug|Any CPU
		{3A8189C3-D78A-45BD-85C0-6187885307DD}.Release|Any CPU.ActiveCfg = Release|Any CPU
		{3A8189C3-D78A-45BD-85C0-6187885307DD}.Release|Any CPU.Build.0 = Release|Any CPU
	EndGlobalSection
	GlobalSection(SolutionProperties) = preSolution
		HideSolutionNode = FALSE
	EndGlobalSection
	GlobalSection(ExtensibilityGlobals) = postSolution
		SolutionGuid = {AB16D702-705D-4D4E-AE3E-A087AD205C52}
	EndGlobalSection
EndGlobal
