
Microsoft Visual Studio Solution File, Format Version 12.00
# Visual Studio Version 16
VisualStudioVersion = 16.0.29403.142
MinimumVisualStudioVersion = 10.0.40219.1
Project("{9A19103F-16F7-4668-BE54-9A1E7A4F7556}") = "WikeBot", "WikeBot.csproj", "{7D5BDF69-3D89-4486-9E11-A155B3D00EC2}"
EndProject
Project("{9A19103F-16F7-4668-BE54-9A1E7A4F7556}") = "LogWriter", "..\..\LogWriter\LogWriter.csproj", "{E94AAC45-1D72-4B10-845F-9742DD67DD2C}"
EndProject
Global
	GlobalSection(SolutionConfigurationPlatforms) = preSolution
		Debug|Any CPU = Debug|Any CPU
		Release|Any CPU = Release|Any CPU
	EndGlobalSection
	GlobalSection(ProjectConfigurationPlatforms) = postSolution
		{7D5BDF69-3D89-4486-9E11-A155B3D00EC2}.Debug|Any CPU.ActiveCfg = Debug|Any CPU
		{7D5BDF69-3D89-4486-9E11-A155B3D00EC2}.Debug|Any CPU.Build.0 = Debug|Any CPU
		{7D5BDF69-3D89-4486-9E11-A155B3D00EC2}.Release|Any CPU.ActiveCfg = Release|Any CPU
		{7D5BDF69-3D89-4486-9E11-A155B3D00EC2}.Release|Any CPU.Build.0 = Release|Any CPU
		{E94AAC45-1D72-4B10-845F-9742DD67DD2C}.Debug|Any CPU.ActiveCfg = Debug|Any CPU
		{E94AAC45-1D72-4B10-845F-9742DD67DD2C}.Debug|Any CPU.Build.0 = Debug|Any CPU
		{E94AAC45-1D72-4B10-845F-9742DD67DD2C}.Release|Any CPU.ActiveCfg = Release|Any CPU
		{E94AAC45-1D72-4B10-845F-9742DD67DD2C}.Release|Any CPU.Build.0 = Release|Any CPU
	EndGlobalSection
	GlobalSection(SolutionProperties) = preSolution
		HideSolutionNode = FALSE
	EndGlobalSection
	GlobalSection(ExtensibilityGlobals) = postSolution
		SolutionGuid = {CE8F2C18-E4E4-4590-99A0-D40236DF24E3}
	EndGlobalSection
EndGlobal
